
Microsoft Visual Studio Solution File, Format Version 12.00
# Visual Studio 2012
Project("{8BC9CEB8-8B4A-11D0-8D11-00A0C91BC942}") = "GetModuleName", "GetModuleName\GetModuleName.vcxproj", "{B55CE75D-8307-46CC-9B23-017B962C8CB1}"
EndProject
Project("{8BC9CEB8-8B4A-11D0-8D11-00A0C91BC942}") = "GetBaseAddrCpp", "GetBaseAddrCpp\GetBaseAddrCpp.vcxproj", "{8410DCFD-6A76-476C-8D7E-EB8292B723AE}"
EndProject
Project("{8BC9CEB8-8B4A-11D0-8D11-00A0C91BC942}") = "GenericInjector", "GenericInjector\GenericInjector.vcxproj", "{74208AFC-D25D-4400-8B24-41476235E9A7}"
EndProject
Project("{8BC9CEB8-8B4A-11D0-8D11-00A0C91BC942}") = "TibiaInj", "TibiaInj\TibiaInj.vcxproj", "{321E6ECE-B72C-48DA-BA4C-588794BDC65F}"
EndProject
Global
	GlobalSection(SolutionConfigurationPlatforms) = preSolution
		Debug|Any CPU = Debug|Any CPU
		Debug|Mixed Platforms = Debug|Mixed Platforms
		Debug|Win32 = Debug|Win32
		Release|Any CPU = Release|Any CPU
		Release|Mixed Platforms = Release|Mixed Platforms
		Release|Win32 = Release|Win32
	EndGlobalSection
	GlobalSection(ProjectConfigurationPlatforms) = postSolution
		{B55CE75D-8307-46CC-9B23-017B962C8CB1}.Debug|Any CPU.ActiveCfg = Debug|Win32
		{B55CE75D-8307-46CC-9B23-017B962C8CB1}.Debug|Mixed Platforms.ActiveCfg = Debug|Win32
		{B55CE75D-8307-46CC-9B23-017B962C8CB1}.Debug|Mixed Platforms.Build.0 = Debug|Win32
		{B55CE75D-8307-46CC-9B23-017B962C8CB1}.Debug|Win32.ActiveCfg = Debug|Win32
		{B55CE75D-8307-46CC-9B23-017B962C8CB1}.Debug|Win32.Build.0 = Debug|Win32
		{B55CE75D-8307-46CC-9B23-017B962C8CB1}.Release|Any CPU.ActiveCfg = Release|Win32
		{B55CE75D-8307-46CC-9B23-017B962C8CB1}.Release|Mixed Platforms.ActiveCfg = Release|Win32
		{B55CE75D-8307-46CC-9B23-017B962C8CB1}.Release|Mixed Platforms.Build.0 = Release|Win32
		{B55CE75D-8307-46CC-9B23-017B962C8CB1}.Release|Win32.ActiveCfg = Release|Win32
		{B55CE75D-8307-46CC-9B23-017B962C8CB1}.Release|Win32.Build.0 = Release|Win32
		{8410DCFD-6A76-476C-8D7E-EB8292B723AE}.Debug|Any CPU.ActiveCfg = Debug|Win32
		{8410DCFD-6A76-476C-8D7E-EB8292B723AE}.Debug|Mixed Platforms.ActiveCfg = Debug|Win32
		{8410DCFD-6A76-476C-8D7E-EB8292B723AE}.Debug|Mixed Platforms.Build.0 = Debug|Win32
		{8410DCFD-6A76-476C-8D7E-EB8292B723AE}.Debug|Win32.ActiveCfg = Debug|Win32
		{8410DCFD-6A76-476C-8D7E-EB8292B723AE}.Debug|Win32.Build.0 = Debug|Win32
		{8410DCFD-6A76-476C-8D7E-EB8292B723AE}.Release|Any CPU.ActiveCfg = Release|Win32
		{8410DCFD-6A76-476C-8D7E-EB8292B723AE}.Release|Mixed Platforms.ActiveCfg = Release|Win32
		{8410DCFD-6A76-476C-8D7E-EB8292B723AE}.Release|Mixed Platforms.Build.0 = Release|Win32
		{8410DCFD-6A76-476C-8D7E-EB8292B723AE}.Release|Win32.ActiveCfg = Release|Win32
		{8410DCFD-6A76-476C-8D7E-EB8292B723AE}.Release|Win32.Build.0 = Release|Win32
		{74208AFC-D25D-4400-8B24-41476235E9A7}.Debug|Any CPU.ActiveCfg = Debug|Win32
		{74208AFC-D25D-4400-8B24-41476235E9A7}.Debug|Mixed Platforms.ActiveCfg = Debug|Win32
		{74208AFC-D25D-4400-8B24-41476235E9A7}.Debug|Mixed Platforms.Build.0 = Debug|Win32
		{74208AFC-D25D-4400-8B24-41476235E9A7}.Debug|Win32.ActiveCfg = Debug|Win32
		{74208AFC-D25D-4400-8B24-41476235E9A7}.Debug|Win32.Build.0 = Debug|Win32
		{74208AFC-D25D-4400-8B24-41476235E9A7}.Release|Any CPU.ActiveCfg = Release|Win32
		{74208AFC-D25D-4400-8B24-41476235E9A7}.Release|Mixed Platforms.ActiveCfg = Release|Win32
		{74208AFC-D25D-4400-8B24-41476235E9A7}.Release|Mixed Platforms.Build.0 = Release|Win32
		{74208AFC-D25D-4400-8B24-41476235E9A7}.Release|Win32.ActiveCfg = Release|Win32
		{74208AFC-D25D-4400-8B24-41476235E9A7}.Release|Win32.Build.0 = Release|Win32
		{321E6ECE-B72C-48DA-BA4C-588794BDC65F}.Debug|Any CPU.ActiveCfg = Debug|Win32
		{321E6ECE-B72C-48DA-BA4C-588794BDC65F}.Debug|Mixed Platforms.ActiveCfg = Debug|Win32
		{321E6ECE-B72C-48DA-BA4C-588794BDC65F}.Debug|Mixed Platforms.Build.0 = Debug|Win32
		{321E6ECE-B72C-48DA-BA4C-588794BDC65F}.Debug|Win32.ActiveCfg = Debug|Win32
		{321E6ECE-B72C-48DA-BA4C-588794BDC65F}.Debug|Win32.Build.0 = Debug|Win32
		{321E6ECE-B72C-48DA-BA4C-588794BDC65F}.Release|Any CPU.ActiveCfg = Release|Win32
		{321E6ECE-B72C-48DA-BA4C-588794BDC65F}.Release|Mixed Platforms.ActiveCfg = Release|Win32
		{321E6ECE-B72C-48DA-BA4C-588794BDC65F}.Release|Mixed Platforms.Build.0 = Release|Win32
		{321E6ECE-B72C-48DA-BA4C-588794BDC65F}.Release|Win32.ActiveCfg = Release|Win32
		{321E6ECE-B72C-48DA-BA4C-588794BDC65F}.Release|Win32.Build.0 = Release|Win32
	EndGlobalSection
	GlobalSection(SolutionProperties) = preSolution
		HideSolutionNode = FALSE
	EndGlobalSection
EndGlobal
